
Microsoft Visual Studio Solution File, Format Version 12.00
# Visual Studio Version 17
VisualStudioVersion = 17.0.31903.59
MinimumVisualStudioVersion = 10.0.40219.1
Project("{FAE04EC0-301F-11D3-BF4B-00C04F79EFBC}") = "Sharc", "src\Sharc\Sharc.csproj", "{A1B2C3D4-1111-2222-3333-444455556666}"
EndProject
Project("{FAE04EC0-301F-11D3-BF4B-00C04F79EFBC}") = "Sharc.Core", "src\Sharc.Core\Sharc.Core.csproj", "{A1B2C3D4-1111-2222-3333-444455557777}"
EndProject
Project("{FAE04EC0-301F-11D3-BF4B-00C04F79EFBC}") = "Sharc.Crypto", "src\Sharc.Crypto\Sharc.Crypto.csproj", "{A1B2C3D4-1111-2222-3333-444455558888}"
EndProject
Project("{FAE04EC0-301F-11D3-BF4B-00C04F79EFBC}") = "Sharc.Tests", "tests\Sharc.Tests\Sharc.Tests.csproj", "{A1B2C3D4-1111-2222-3333-444455559999}"
EndProject
Project("{FAE04EC0-301F-11D3-BF4B-00C04F79EFBC}") = "Sharc.IntegrationTests", "tests\Sharc.IntegrationTests\Sharc.IntegrationTests.csproj", "{A1B2C3D4-1111-2222-3333-44445555AAAA}"
EndProject
Project("{FAE04EC0-301F-11D3-BF4B-00C04F79EFBC}") = "Sharc.Benchmarks", "bench\Sharc.Benchmarks\Sharc.Benchmarks.csproj", "{A1B2C3D4-1111-2222-3333-44445555BBBB}"
EndProject
Project("{2150E333-8FDC-42A3-9474-1A3956D46DE8}") = "tools", "tools", "{07C2787E-EAC7-C090-1BA3-A61EC2A24D84}"
EndProject
Project("{FAE04EC0-301F-11D3-BF4B-00C04F79EFBC}") = "Sharc.Context", "tools\Sharc.Context\Sharc.Context.csproj", "{3E33DCFC-FED9-4AE3-B73B-BE6814F490B6}"
EndProject
Project("{2150E333-8FDC-42A3-9474-1A3956D46DE8}") = "src", "src", "{827E0CD3-B72D-47B6-A68D-7590B98EB39B}"
EndProject
Project("{FAE04EC0-301F-11D3-BF4B-00C04F79EFBC}") = "Sharc.Graph", "src\Sharc.Graph\Sharc.Graph.csproj", "{69BD3209-5790-49EB-B4D7-A3A7914847E5}"
EndProject
Project("{FAE04EC0-301F-11D3-BF4B-00C04F79EFBC}") = "Sharc.Graph.Surface", "src\Sharc.Graph.Surface\Sharc.Graph.Surface.csproj", "{3C87C876-D46A-4141-B38D-3E8FE1251E59}"
EndProject
Project("{2150E333-8FDC-42A3-9474-1A3956D46DE8}") = "tests", "tests", "{0AB3BF05-4346-4AA6-1389-037BE0695223}"
EndProject
Project("{FAE04EC0-301F-11D3-BF4B-00C04F79EFBC}") = "Sharc.Graph.Tests.Unit", "tests\Sharc.Graph.Tests.Unit\Sharc.Graph.Tests.Unit.csproj", "{71E044F3-F0E1-404D-BA4C-29D78BD70C04}"
EndProject
Project("{FAE04EC0-301F-11D3-BF4B-00C04F79EFBC}") = "Sharc.Graph.Tests.Performance", "tests\Sharc.Graph.Tests.Performance\Sharc.Graph.Tests.Performance.csproj", "{5B59878F-28AE-49EE-AFBE-2B1C9415E516}"
EndProject
Project("{FAE04EC0-301F-11D3-BF4B-00C04F79EFBC}") = "Sharc.Comparisons", "bench\Sharc.Comparisons\Sharc.Comparisons.csproj", "{D4E5F6A7-1234-5678-9ABC-DEF012345678}"
EndProject
Project("{FAE04EC0-301F-11D3-BF4B-00C04F79EFBC}") = "Sharc.Context.Tests", "tests\Sharc.Context.Tests\Sharc.Context.Tests.csproj", "{7E9549DA-5906-4D73-B1E8-0DC3EC1FAB1C}"
EndProject
Project("{FAE04EC0-301F-11D3-BF4B-00C04F79EFBC}") = "Sharc.Index", "tools\Sharc.Index\Sharc.Index.csproj", "{E70244F8-F798-4A49-89B6-C7E213FC41D9}"
EndProject
Project("{FAE04EC0-301F-11D3-BF4B-00C04F79EFBC}") = "Sharc.Index.Tests", "tests\Sharc.Index.Tests\Sharc.Index.Tests.csproj", "{268CAEED-2556-4DDC-B6BD-EE6C54A58B3F}"
EndProject
Project("{FAE04EC0-301F-11D3-BF4B-00C04F79EFBC}") = "Sharc.Arena.Wasm", "src\Sharc.Arena.Wasm\Sharc.Arena.Wasm.csproj", "{E1B153F7-0286-4D47-82A5-5A24E5AE542D}"
EndProject
Project("{FAE04EC0-301F-11D3-BF4B-00C04F79EFBC}") = "Sharc.Query", "src\Sharc.Query\Sharc.Query.csproj", "{8F91DAFB-53BF-4C75-A5F8-B9A5796D4A4A}"
EndProject
Project("{FAE04EC0-301F-11D3-BF4B-00C04F79EFBC}") = "Sharc.Query.Tests", "tests\Sharc.Query.Tests\Sharc.Query.Tests.csproj", "{C24DDF0B-6902-4388-83AC-F39DFD10BAB2}"
EndProject
Project("{FAE04EC0-301F-11D3-BF4B-00C04F79EFBC}") = "Sharc.Cache", "src\Sharc.Cache\Sharc.Cache.csproj", "{5FB0164C-4D69-445C-AB4B-157683F988BE}"
EndProject
Project("{FAE04EC0-301F-11D3-BF4B-00C04F79EFBC}") = "Sharc.Cache.Tests", "tests\Sharc.Cache.Tests\Sharc.Cache.Tests.csproj", "{588FC421-674A-4C03-8FDB-79A0120A867A}"
EndProject
Project("{2150E333-8FDC-42A3-9474-1A3956D46DE8}") = "bench", "bench", "{760AB15A-8938-8D9B-BEDE-5CE1484B84C3}"
EndProject
Project("{FAE04EC0-301F-11D3-BF4B-00C04F79EFBC}") = "Sharc.CacheBenchmarks", "bench\Sharc.CacheBenchmarks\Sharc.CacheBenchmarks.csproj", "{0CFB7922-EAAA-4F3A-8B3D-DCA2D403F434}"
EndProject
Project("{FAE04EC0-301F-11D3-BF4B-00C04F79EFBC}") = "Sharc.Cache.OutputCaching", "src\Sharc.Cache.OutputCaching\Sharc.Cache.OutputCaching.csproj", "{184B76AC-0BBB-4729-AA30-75B805EC310C}"
EndProject
Project("{FAE04EC0-301F-11D3-BF4B-00C04F79EFBC}") = "Sharc.Cache.OutputCaching.Tests", "tests\Sharc.Cache.OutputCaching.Tests\Sharc.Cache.OutputCaching.Tests.csproj", "{AB46FAB5-30F9-408C-AB93-245B97B043BA}"
EndProject
Global
	GlobalSection(SolutionConfigurationPlatforms) = preSolution
		Debug|Any CPU = Debug|Any CPU
		Debug|x64 = Debug|x64
		Debug|x86 = Debug|x86
		Release|Any CPU = Release|Any CPU
		Release|x64 = Release|x64
		Release|x86 = Release|x86
	EndGlobalSection
	GlobalSection(ProjectConfigurationPlatforms) = postSolution
		{A1B2C3D4-1111-2222-3333-444455556666}.Debug|Any CPU.ActiveCfg = Debug|Any CPU
		{A1B2C3D4-1111-2222-3333-444455556666}.Debug|Any CPU.Build.0 = Debug|Any CPU
		{A1B2C3D4-1111-2222-3333-444455556666}.Debug|x64.ActiveCfg = Debug|Any CPU
		{A1B2C3D4-1111-2222-3333-444455556666}.Debug|x64.Build.0 = Debug|Any CPU
		{A1B2C3D4-1111-2222-3333-444455556666}.Debug|x86.ActiveCfg = Debug|Any CPU
		{A1B2C3D4-1111-2222-3333-444455556666}.Debug|x86.Build.0 = Debug|Any CPU
		{A1B2C3D4-1111-2222-3333-444455556666}.Release|Any CPU.ActiveCfg = Release|Any CPU
		{A1B2C3D4-1111-2222-3333-444455556666}.Release|Any CPU.Build.0 = Release|Any CPU
		{A1B2C3D4-1111-2222-3333-444455556666}.Release|x64.ActiveCfg = Release|Any CPU
		{A1B2C3D4-1111-2222-3333-444455556666}.Release|x64.Build.0 = Release|Any CPU
		{A1B2C3D4-1111-2222-3333-444455556666}.Release|x86.ActiveCfg = Release|Any CPU
		{A1B2C3D4-1111-2222-3333-444455556666}.Release|x86.Build.0 = Release|Any CPU
		{A1B2C3D4-1111-2222-3333-444455557777}.Debug|Any CPU.ActiveCfg = Debug|Any CPU
		{A1B2C3D4-1111-2222-3333-444455557777}.Debug|Any CPU.Build.0 = Debug|Any CPU
		{A1B2C3D4-1111-2222-3333-444455557777}.Debug|x64.ActiveCfg = Debug|Any CPU
		{A1B2C3D4-1111-2222-3333-444455557777}.Debug|x64.Build.0 = Debug|Any CPU
		{A1B2C3D4-1111-2222-3333-444455557777}.Debug|x86.ActiveCfg = Debug|Any CPU
		{A1B2C3D4-1111-2222-3333-444455557777}.Debug|x86.Build.0 = Debug|Any CPU
		{A1B2C3D4-1111-2222-3333-444455557777}.Release|Any CPU.ActiveCfg = Release|Any CPU
		{A1B2C3D4-1111-2222-3333-444455557777}.Release|Any CPU.Build.0 = Release|Any CPU
		{A1B2C3D4-1111-2222-3333-444455557777}.Release|x64.ActiveCfg = Release|Any CPU
		{A1B2C3D4-1111-2222-3333-444455557777}.Release|x64.Build.0 = Release|Any CPU
		{A1B2C3D4-1111-2222-3333-444455557777}.Release|x86.ActiveCfg = Release|Any CPU
		{A1B2C3D4-1111-2222-3333-444455557777}.Release|x86.Build.0 = Release|Any CPU
		{A1B2C3D4-1111-2222-3333-444455558888}.Debug|Any CPU.ActiveCfg = Debug|Any CPU
		{A1B2C3D4-1111-2222-3333-444455558888}.Debug|Any CPU.Build.0 = Debug|Any CPU
		{A1B2C3D4-1111-2222-3333-444455558888}.Debug|x64.ActiveCfg = Debug|Any CPU
		{A1B2C3D4-1111-2222-3333-444455558888}.Debug|x64.Build.0 = Debug|Any CPU
		{A1B2C3D4-1111-2222-3333-444455558888}.Debug|x86.ActiveCfg = Debug|Any CPU
		{A1B2C3D4-1111-2222-3333-444455558888}.Debug|x86.Build.0 = Debug|Any CPU
		{A1B2C3D4-1111-2222-3333-444455558888}.Release|Any CPU.ActiveCfg = Release|Any CPU
		{A1B2C3D4-1111-2222-3333-444455558888}.Release|Any CPU.Build.0 = Release|Any CPU
		{A1B2C3D4-1111-2222-3333-444455558888}.Release|x64.ActiveCfg = Release|Any CPU
		{A1B2C3D4-1111-2222-3333-444455558888}.Release|x64.Build.0 = Release|Any CPU
		{A1B2C3D4-1111-2222-3333-444455558888}.Release|x86.ActiveCfg = Release|Any CPU
		{A1B2C3D4-1111-2222-3333-444455558888}.Release|x86.Build.0 = Release|Any CPU
		{A1B2C3D4-1111-2222-3333-444455559999}.Debug|Any CPU.ActiveCfg = Debug|Any CPU
		{A1B2C3D4-1111-2222-3333-444455559999}.Debug|Any CPU.Build.0 = Debug|Any CPU
		{A1B2C3D4-1111-2222-3333-444455559999}.Debug|x64.ActiveCfg = Debug|Any CPU
		{A1B2C3D4-1111-2222-3333-444455559999}.Debug|x64.Build.0 = Debug|Any CPU
		{A1B2C3D4-1111-2222-3333-444455559999}.Debug|x86.ActiveCfg = Debug|Any CPU
		{A1B2C3D4-1111-2222-3333-444455559999}.Debug|x86.Build.0 = Debug|Any CPU
		{A1B2C3D4-1111-2222-3333-444455559999}.Release|Any CPU.ActiveCfg = Release|Any CPU
		{A1B2C3D4-1111-2222-3333-444455559999}.Release|Any CPU.Build.0 = Release|Any CPU
		{A1B2C3D4-1111-2222-3333-444455559999}.Release|x64.ActiveCfg = Release|Any CPU
		{A1B2C3D4-1111-2222-3333-444455559999}.Release|x64.Build.0 = Release|Any CPU
		{A1B2C3D4-1111-2222-3333-444455559999}.Release|x86.ActiveCfg = Release|Any CPU
		{A1B2C3D4-1111-2222-3333-444455559999}.Release|x86.Build.0 = Release|Any CPU
		{A1B2C3D4-1111-2222-3333-44445555AAAA}.Debug|Any CPU.ActiveCfg = Debug|Any CPU
		{A1B2C3D4-1111-2222-3333-44445555AAAA}.Debug|Any CPU.Build.0 = Debug|Any CPU
		{A1B2C3D4-1111-2222-3333-44445555AAAA}.Debug|x64.ActiveCfg = Debug|Any CPU
		{A1B2C3D4-1111-2222-3333-44445555AAAA}.Debug|x64.Build.0 = Debug|Any CPU
		{A1B2C3D4-1111-2222-3333-44445555AAAA}.Debug|x86.ActiveCfg = Debug|Any CPU
		{A1B2C3D4-1111-2222-3333-44445555AAAA}.Debug|x86.Build.0 = Debug|Any CPU
		{A1B2C3D4-1111-2222-3333-44445555AAAA}.Release|Any CPU.ActiveCfg = Release|Any CPU
		{A1B2C3D4-1111-2222-3333-44445555AAAA}.Release|Any CPU.Build.0 = Release|Any CPU
		{A1B2C3D4-1111-2222-3333-44445555AAAA}.Release|x64.ActiveCfg = Release|Any CPU
		{A1B2C3D4-1111-2222-3333-44445555AAAA}.Release|x64.Build.0 = Release|Any CPU
		{A1B2C3D4-1111-2222-3333-44445555AAAA}.Release|x86.ActiveCfg = Release|Any CPU
		{A1B2C3D4-1111-2222-3333-44445555AAAA}.Release|x86.Build.0 = Release|Any CPU
		{A1B2C3D4-1111-2222-3333-44445555BBBB}.Debug|Any CPU.ActiveCfg = Release|Any CPU
		{A1B2C3D4-1111-2222-3333-44445555BBBB}.Debug|x64.ActiveCfg = Debug|Any CPU
		{A1B2C3D4-1111-2222-3333-44445555BBBB}.Debug|x64.Build.0 = Debug|Any CPU
		{A1B2C3D4-1111-2222-3333-44445555BBBB}.Debug|x86.ActiveCfg = Debug|Any CPU
		{A1B2C3D4-1111-2222-3333-44445555BBBB}.Debug|x86.Build.0 = Debug|Any CPU
		{A1B2C3D4-1111-2222-3333-44445555BBBB}.Release|Any CPU.ActiveCfg = Release|Any CPU
		{A1B2C3D4-1111-2222-3333-44445555BBBB}.Release|Any CPU.Build.0 = Release|Any CPU
		{A1B2C3D4-1111-2222-3333-44445555BBBB}.Release|x64.ActiveCfg = Release|Any CPU
		{A1B2C3D4-1111-2222-3333-44445555BBBB}.Release|x64.Build.0 = Release|Any CPU
		{A1B2C3D4-1111-2222-3333-44445555BBBB}.Release|x86.ActiveCfg = Release|Any CPU
		{A1B2C3D4-1111-2222-3333-44445555BBBB}.Release|x86.Build.0 = Release|Any CPU
		{3E33DCFC-FED9-4AE3-B73B-BE6814F490B6}.Debug|Any CPU.ActiveCfg = Debug|Any CPU
		{3E33DCFC-FED9-4AE3-B73B-BE6814F490B6}.Debug|Any CPU.Build.0 = Debug|Any CPU
		{3E33DCFC-FED9-4AE3-B73B-BE6814F490B6}.Debug|x64.ActiveCfg = Debug|Any CPU
		{3E33DCFC-FED9-4AE3-B73B-BE6814F490B6}.Debug|x64.Build.0 = Debug|Any CPU
		{3E33DCFC-FED9-4AE3-B73B-BE6814F490B6}.Debug|x86.ActiveCfg = Debug|Any CPU
		{3E33DCFC-FED9-4AE3-B73B-BE6814F490B6}.Debug|x86.Build.0 = Debug|Any CPU
		{3E33DCFC-FED9-4AE3-B73B-BE6814F490B6}.Release|Any CPU.ActiveCfg = Release|Any CPU
		{3E33DCFC-FED9-4AE3-B73B-BE6814F490B6}.Release|Any CPU.Build.0 = Release|Any CPU
		{3E33DCFC-FED9-4AE3-B73B-BE6814F490B6}.Release|x64.ActiveCfg = Release|Any CPU
		{3E33DCFC-FED9-4AE3-B73B-BE6814F490B6}.Release|x64.Build.0 = Release|Any CPU
		{3E33DCFC-FED9-4AE3-B73B-BE6814F490B6}.Release|x86.ActiveCfg = Release|Any CPU
		{3E33DCFC-FED9-4AE3-B73B-BE6814F490B6}.Release|x86.Build.0 = Release|Any CPU
		{69BD3209-5790-49EB-B4D7-A3A7914847E5}.Debug|Any CPU.ActiveCfg = Debug|Any CPU
		{69BD3209-5790-49EB-B4D7-A3A7914847E5}.Debug|Any CPU.Build.0 = Debug|Any CPU
		{69BD3209-5790-49EB-B4D7-A3A7914847E5}.Debug|x64.ActiveCfg = Debug|Any CPU
		{69BD3209-5790-49EB-B4D7-A3A7914847E5}.Debug|x64.Build.0 = Debug|Any CPU
		{69BD3209-5790-49EB-B4D7-A3A7914847E5}.Debug|x86.ActiveCfg = Debug|Any CPU
		{69BD3209-5790-49EB-B4D7-A3A7914847E5}.Debug|x86.Build.0 = Debug|Any CPU
		{69BD3209-5790-49EB-B4D7-A3A7914847E5}.Release|Any CPU.ActiveCfg = Release|Any CPU
		{69BD3209-5790-49EB-B4D7-A3A7914847E5}.Release|Any CPU.Build.0 = Release|Any CPU
		{69BD3209-5790-49EB-B4D7-A3A7914847E5}.Release|x64.ActiveCfg = Release|Any CPU
		{69BD3209-5790-49EB-B4D7-A3A7914847E5}.Release|x64.Build.0 = Release|Any CPU
		{69BD3209-5790-49EB-B4D7-A3A7914847E5}.Release|x86.ActiveCfg = Release|Any CPU
		{69BD3209-5790-49EB-B4D7-A3A7914847E5}.Release|x86.Build.0 = Release|Any CPU
		{3C87C876-D46A-4141-B38D-3E8FE1251E59}.Debug|Any CPU.ActiveCfg = Debug|Any CPU
		{3C87C876-D46A-4141-B38D-3E8FE1251E59}.Debug|Any CPU.Build.0 = Debug|Any CPU
		{3C87C876-D46A-4141-B38D-3E8FE1251E59}.Debug|x64.ActiveCfg = Debug|Any CPU
		{3C87C876-D46A-4141-B38D-3E8FE1251E59}.Debug|x64.Build.0 = Debug|Any CPU
		{3C87C876-D46A-4141-B38D-3E8FE1251E59}.Debug|x86.ActiveCfg = Debug|Any CPU
		{3C87C876-D46A-4141-B38D-3E8FE1251E59}.Debug|x86.Build.0 = Debug|Any CPU
		{3C87C876-D46A-4141-B38D-3E8FE1251E59}.Release|Any CPU.ActiveCfg = Release|Any CPU
		{3C87C876-D46A-4141-B38D-3E8FE1251E59}.Release|Any CPU.Build.0 = Release|Any CPU
		{3C87C876-D46A-4141-B38D-3E8FE1251E59}.Release|x64.ActiveCfg = Release|Any CPU
		{3C87C876-D46A-4141-B38D-3E8FE1251E59}.Release|x64.Build.0 = Release|Any CPU
		{3C87C876-D46A-4141-B38D-3E8FE1251E59}.Release|x86.ActiveCfg = Release|Any CPU
		{3C87C876-D46A-4141-B38D-3E8FE1251E59}.Release|x86.Build.0 = Release|Any CPU
		{71E044F3-F0E1-404D-BA4C-29D78BD70C04}.Debug|Any CPU.ActiveCfg = Debug|Any CPU
		{71E044F3-F0E1-404D-BA4C-29D78BD70C04}.Debug|Any CPU.Build.0 = Debug|Any CPU
		{71E044F3-F0E1-404D-BA4C-29D78BD70C04}.Debug|x64.ActiveCfg = Debug|Any CPU
		{71E044F3-F0E1-404D-BA4C-29D78BD70C04}.Debug|x64.Build.0 = Debug|Any CPU
		{71E044F3-F0E1-404D-BA4C-29D78BD70C04}.Debug|x86.ActiveCfg = Debug|Any CPU
		{71E044F3-F0E1-404D-BA4C-29D78BD70C04}.Debug|x86.Build.0 = Debug|Any CPU
		{71E044F3-F0E1-404D-BA4C-29D78BD70C04}.Release|Any CPU.ActiveCfg = Release|Any CPU
		{71E044F3-F0E1-404D-BA4C-29D78BD70C04}.Release|Any CPU.Build.0 = Release|Any CPU
		{71E044F3-F0E1-404D-BA4C-29D78BD70C04}.Release|x64.ActiveCfg = Release|Any CPU
		{71E044F3-F0E1-404D-BA4C-29D78BD70C04}.Release|x64.Build.0 = Release|Any CPU
		{71E044F3-F0E1-404D-BA4C-29D78BD70C04}.Release|x86.ActiveCfg = Release|Any CPU
		{71E044F3-F0E1-404D-BA4C-29D78BD70C04}.Release|x86.Build.0 = Release|Any CPU
		{5B59878F-28AE-49EE-AFBE-2B1C9415E516}.Debug|Any CPU.ActiveCfg = Debug|Any CPU
		{5B59878F-28AE-49EE-AFBE-2B1C9415E516}.Debug|Any CPU.Build.0 = Debug|Any CPU
		{5B59878F-28AE-49EE-AFBE-2B1C9415E516}.Debug|x64.ActiveCfg = Debug|Any CPU
		{5B59878F-28AE-49EE-AFBE-2B1C9415E516}.Debug|x64.Build.0 = Debug|Any CPU
		{5B59878F-28AE-49EE-AFBE-2B1C9415E516}.Debug|x86.ActiveCfg = Debug|Any CPU
		{5B59878F-28AE-49EE-AFBE-2B1C9415E516}.Debug|x86.Build.0 = Debug|Any CPU
		{5B59878F-28AE-49EE-AFBE-2B1C9415E516}.Release|Any CPU.ActiveCfg = Release|Any CPU
		{5B59878F-28AE-49EE-AFBE-2B1C9415E516}.Release|Any CPU.Build.0 = Release|Any CPU
		{5B59878F-28AE-49EE-AFBE-2B1C9415E516}.Release|x64.ActiveCfg = Release|Any CPU
		{5B59878F-28AE-49EE-AFBE-2B1C9415E516}.Release|x64.Build.0 = Release|Any CPU
		{5B59878F-28AE-49EE-AFBE-2B1C9415E516}.Release|x86.ActiveCfg = Release|Any CPU
		{5B59878F-28AE-49EE-AFBE-2B1C9415E516}.Release|x86.Build.0 = Release|Any CPU
		{D4E5F6A7-1234-5678-9ABC-DEF012345678}.Debug|Any CPU.ActiveCfg = Debug|Any CPU
		{D4E5F6A7-1234-5678-9ABC-DEF012345678}.Debug|Any CPU.Build.0 = Debug|Any CPU
		{D4E5F6A7-1234-5678-9ABC-DEF012345678}.Debug|x64.ActiveCfg = Debug|Any CPU
		{D4E5F6A7-1234-5678-9ABC-DEF012345678}.Debug|x64.Build.0 = Debug|Any CPU
		{D4E5F6A7-1234-5678-9ABC-DEF012345678}.Debug|x86.ActiveCfg = Debug|Any CPU
		{D4E5F6A7-1234-5678-9ABC-DEF012345678}.Debug|x86.Build.0 = Debug|Any CPU
		{D4E5F6A7-1234-5678-9ABC-DEF012345678}.Release|Any CPU.ActiveCfg = Release|Any CPU
		{D4E5F6A7-1234-5678-9ABC-DEF012345678}.Release|Any CPU.Build.0 = Release|Any CPU
		{D4E5F6A7-1234-5678-9ABC-DEF012345678}.Release|x64.ActiveCfg = Release|Any CPU
		{D4E5F6A7-1234-5678-9ABC-DEF012345678}.Release|x64.Build.0 = Release|Any CPU
		{D4E5F6A7-1234-5678-9ABC-DEF012345678}.Release|x86.ActiveCfg = Release|Any CPU
		{D4E5F6A7-1234-5678-9ABC-DEF012345678}.Release|x86.Build.0 = Release|Any CPU
		{7E9549DA-5906-4D73-B1E8-0DC3EC1FAB1C}.Debug|Any CPU.ActiveCfg = Debug|Any CPU
		{7E9549DA-5906-4D73-B1E8-0DC3EC1FAB1C}.Debug|Any CPU.Build.0 = Debug|Any CPU
		{7E9549DA-5906-4D73-B1E8-0DC3EC1FAB1C}.Debug|x64.ActiveCfg = Debug|Any CPU
		{7E9549DA-5906-4D73-B1E8-0DC3EC1FAB1C}.Debug|x64.Build.0 = Debug|Any CPU
		{7E9549DA-5906-4D73-B1E8-0DC3EC1FAB1C}.Debug|x86.ActiveCfg = Debug|Any CPU
		{7E9549DA-5906-4D73-B1E8-0DC3EC1FAB1C}.Debug|x86.Build.0 = Debug|Any CPU
		{7E9549DA-5906-4D73-B1E8-0DC3EC1FAB1C}.Release|Any CPU.ActiveCfg = Release|Any CPU
		{7E9549DA-5906-4D73-B1E8-0DC3EC1FAB1C}.Release|Any CPU.Build.0 = Release|Any CPU
		{7E9549DA-5906-4D73-B1E8-0DC3EC1FAB1C}.Release|x64.ActiveCfg = Release|Any CPU
		{7E9549DA-5906-4D73-B1E8-0DC3EC1FAB1C}.Release|x64.Build.0 = Release|Any CPU
		{7E9549DA-5906-4D73-B1E8-0DC3EC1FAB1C}.Release|x86.ActiveCfg = Release|Any CPU
		{7E9549DA-5906-4D73-B1E8-0DC3EC1FAB1C}.Release|x86.Build.0 = Release|Any CPU
		{E70244F8-F798-4A49-89B6-C7E213FC41D9}.Debug|Any CPU.ActiveCfg = Debug|Any CPU
		{E70244F8-F798-4A49-89B6-C7E213FC41D9}.Debug|Any CPU.Build.0 = Debug|Any CPU
		{E70244F8-F798-4A49-89B6-C7E213FC41D9}.Debug|x64.ActiveCfg = Debug|Any CPU
		{E70244F8-F798-4A49-89B6-C7E213FC41D9}.Debug|x64.Build.0 = Debug|Any CPU
		{E70244F8-F798-4A49-89B6-C7E213FC41D9}.Debug|x86.ActiveCfg = Debug|Any CPU
		{E70244F8-F798-4A49-89B6-C7E213FC41D9}.Debug|x86.Build.0 = Debug|Any CPU
		{E70244F8-F798-4A49-89B6-C7E213FC41D9}.Release|Any CPU.ActiveCfg = Release|Any CPU
		{E70244F8-F798-4A49-89B6-C7E213FC41D9}.Release|Any CPU.Build.0 = Release|Any CPU
		{E70244F8-F798-4A49-89B6-C7E213FC41D9}.Release|x64.ActiveCfg = Release|Any CPU
		{E70244F8-F798-4A49-89B6-C7E213FC41D9}.Release|x64.Build.0 = Release|Any CPU
		{E70244F8-F798-4A49-89B6-C7E213FC41D9}.Release|x86.ActiveCfg = Release|Any CPU
		{E70244F8-F798-4A49-89B6-C7E213FC41D9}.Release|x86.Build.0 = Release|Any CPU
		{268CAEED-2556-4DDC-B6BD-EE6C54A58B3F}.Debug|Any CPU.ActiveCfg = Debug|Any CPU
		{268CAEED-2556-4DDC-B6BD-EE6C54A58B3F}.Debug|Any CPU.Build.0 = Debug|Any CPU
		{268CAEED-2556-4DDC-B6BD-EE6C54A58B3F}.Debug|x64.ActiveCfg = Debug|Any CPU
		{268CAEED-2556-4DDC-B6BD-EE6C54A58B3F}.Debug|x64.Build.0 = Debug|Any CPU
		{268CAEED-2556-4DDC-B6BD-EE6C54A58B3F}.Debug|x86.ActiveCfg = Debug|Any CPU
		{268CAEED-2556-4DDC-B6BD-EE6C54A58B3F}.Debug|x86.Build.0 = Debug|Any CPU
		{268CAEED-2556-4DDC-B6BD-EE6C54A58B3F}.Release|Any CPU.ActiveCfg = Release|Any CPU
		{268CAEED-2556-4DDC-B6BD-EE6C54A58B3F}.Release|Any CPU.Build.0 = Release|Any CPU
		{268CAEED-2556-4DDC-B6BD-EE6C54A58B3F}.Release|x64.ActiveCfg = Release|Any CPU
		{268CAEED-2556-4DDC-B6BD-EE6C54A58B3F}.Release|x64.Build.0 = Release|Any CPU
		{268CAEED-2556-4DDC-B6BD-EE6C54A58B3F}.Release|x86.ActiveCfg = Release|Any CPU
		{268CAEED-2556-4DDC-B6BD-EE6C54A58B3F}.Release|x86.Build.0 = Release|Any CPU
		{E1B153F7-0286-4D47-82A5-5A24E5AE542D}.Debug|Any CPU.ActiveCfg = Debug|Any CPU
		{E1B153F7-0286-4D47-82A5-5A24E5AE542D}.Debug|Any CPU.Build.0 = Debug|Any CPU
		{E1B153F7-0286-4D47-82A5-5A24E5AE542D}.Debug|x64.ActiveCfg = Debug|Any CPU
		{E1B153F7-0286-4D47-82A5-5A24E5AE542D}.Debug|x64.Build.0 = Debug|Any CPU
		{E1B153F7-0286-4D47-82A5-5A24E5AE542D}.Debug|x86.ActiveCfg = Debug|Any CPU
		{E1B153F7-0286-4D47-82A5-5A24E5AE542D}.Debug|x86.Build.0 = Debug|Any CPU
		{E1B153F7-0286-4D47-82A5-5A24E5AE542D}.Release|Any CPU.ActiveCfg = Release|Any CPU
		{E1B153F7-0286-4D47-82A5-5A24E5AE542D}.Release|Any CPU.Build.0 = Release|Any CPU
		{E1B153F7-0286-4D47-82A5-5A24E5AE542D}.Release|x64.ActiveCfg = Release|Any CPU
		{E1B153F7-0286-4D47-82A5-5A24E5AE542D}.Release|x64.Build.0 = Release|Any CPU
		{E1B153F7-0286-4D47-82A5-5A24E5AE542D}.Release|x86.ActiveCfg = Release|Any CPU
		{E1B153F7-0286-4D47-82A5-5A24E5AE542D}.Release|x86.Build.0 = Release|Any CPU
		{8F91DAFB-53BF-4C75-A5F8-B9A5796D4A4A}.Debug|Any CPU.ActiveCfg = Debug|Any CPU
		{8F91DAFB-53BF-4C75-A5F8-B9A5796D4A4A}.Debug|Any CPU.Build.0 = Debug|Any CPU
		{8F91DAFB-53BF-4C75-A5F8-B9A5796D4A4A}.Debug|x64.ActiveCfg = Debug|Any CPU
		{8F91DAFB-53BF-4C75-A5F8-B9A5796D4A4A}.Debug|x64.Build.0 = Debug|Any CPU
		{8F91DAFB-53BF-4C75-A5F8-B9A5796D4A4A}.Debug|x86.ActiveCfg = Debug|Any CPU
		{8F91DAFB-53BF-4C75-A5F8-B9A5796D4A4A}.Debug|x86.Build.0 = Debug|Any CPU
		{8F91DAFB-53BF-4C75-A5F8-B9A5796D4A4A}.Release|Any CPU.ActiveCfg = Release|Any CPU
		{8F91DAFB-53BF-4C75-A5F8-B9A5796D4A4A}.Release|Any CPU.Build.0 = Release|Any CPU
		{8F91DAFB-53BF-4C75-A5F8-B9A5796D4A4A}.Release|x64.ActiveCfg = Release|Any CPU
		{8F91DAFB-53BF-4C75-A5F8-B9A5796D4A4A}.Release|x64.Build.0 = Release|Any CPU
		{8F91DAFB-53BF-4C75-A5F8-B9A5796D4A4A}.Release|x86.ActiveCfg = Release|Any CPU
		{8F91DAFB-53BF-4C75-A5F8-B9A5796D4A4A}.Release|x86.Build.0 = Release|Any CPU
		{C24DDF0B-6902-4388-83AC-F39DFD10BAB2}.Debug|Any CPU.ActiveCfg = Debug|Any CPU
		{C24DDF0B-6902-4388-83AC-F39DFD10BAB2}.Debug|Any CPU.Build.0 = Debug|Any CPU
		{C24DDF0B-6902-4388-83AC-F39DFD10BAB2}.Debug|x64.ActiveCfg = Debug|Any CPU
		{C24DDF0B-6902-4388-83AC-F39DFD10BAB2}.Debug|x64.Build.0 = Debug|Any CPU
		{C24DDF0B-6902-4388-83AC-F39DFD10BAB2}.Debug|x86.ActiveCfg = Debug|Any CPU
		{C24DDF0B-6902-4388-83AC-F39DFD10BAB2}.Debug|x86.Build.0 = Debug|Any CPU
		{C24DDF0B-6902-4388-83AC-F39DFD10BAB2}.Release|Any CPU.ActiveCfg = Release|Any CPU
		{C24DDF0B-6902-4388-83AC-F39DFD10BAB2}.Release|Any CPU.Build.0 = Release|Any CPU
		{C24DDF0B-6902-4388-83AC-F39DFD10BAB2}.Release|x64.ActiveCfg = Release|Any CPU
		{C24DDF0B-6902-4388-83AC-F39DFD10BAB2}.Release|x64.Build.0 = Release|Any CPU
		{C24DDF0B-6902-4388-83AC-F39DFD10BAB2}.Release|x86.ActiveCfg = Release|Any CPU
		{C24DDF0B-6902-4388-83AC-F39DFD10BAB2}.Release|x86.Build.0 = Release|Any CPU
		{5FB0164C-4D69-445C-AB4B-157683F988BE}.Debug|Any CPU.ActiveCfg = Debug|Any CPU
		{5FB0164C-4D69-445C-AB4B-157683F988BE}.Debug|Any CPU.Build.0 = Debug|Any CPU
		{5FB0164C-4D69-445C-AB4B-157683F988BE}.Debug|x64.ActiveCfg = Debug|Any CPU
		{5FB0164C-4D69-445C-AB4B-157683F988BE}.Debug|x64.Build.0 = Debug|Any CPU
		{5FB0164C-4D69-445C-AB4B-157683F988BE}.Debug|x86.ActiveCfg = Debug|Any CPU
		{5FB0164C-4D69-445C-AB4B-157683F988BE}.Debug|x86.Build.0 = Debug|Any CPU
		{5FB0164C-4D69-445C-AB4B-157683F988BE}.Release|Any CPU.ActiveCfg = Release|Any CPU
		{5FB0164C-4D69-445C-AB4B-157683F988BE}.Release|Any CPU.Build.0 = Release|Any CPU
		{5FB0164C-4D69-445C-AB4B-157683F988BE}.Release|x64.ActiveCfg = Release|Any CPU
		{5FB0164C-4D69-445C-AB4B-157683F988BE}.Release|x64.Build.0 = Release|Any CPU
		{5FB0164C-4D69-445C-AB4B-157683F988BE}.Release|x86.ActiveCfg = Release|Any CPU
		{5FB0164C-4D69-445C-AB4B-157683F988BE}.Release|x86.Build.0 = Release|Any CPU
		{588FC421-674A-4C03-8FDB-79A0120A867A}.Debug|Any CPU.ActiveCfg = Debug|Any CPU
		{588FC421-674A-4C03-8FDB-79A0120A867A}.Debug|Any CPU.Build.0 = Debug|Any CPU
		{588FC421-674A-4C03-8FDB-79A0120A867A}.Debug|x64.ActiveCfg = Debug|Any CPU
		{588FC421-674A-4C03-8FDB-79A0120A867A}.Debug|x64.Build.0 = Debug|Any CPU
		{588FC421-674A-4C03-8FDB-79A0120A867A}.Debug|x86.ActiveCfg = Debug|Any CPU
		{588FC421-674A-4C03-8FDB-79A0120A867A}.Debug|x86.Build.0 = Debug|Any CPU
		{588FC421-674A-4C03-8FDB-79A0120A867A}.Release|Any CPU.ActiveCfg = Release|Any CPU
		{588FC421-674A-4C03-8FDB-79A0120A867A}.Release|Any CPU.Build.0 = Release|Any CPU
		{588FC421-674A-4C03-8FDB-79A0120A867A}.Release|x64.ActiveCfg = Release|Any CPU
		{588FC421-674A-4C03-8FDB-79A0120A867A}.Release|x64.Build.0 = Release|Any CPU
		{588FC421-674A-4C03-8FDB-79A0120A867A}.Release|x86.ActiveCfg = Release|Any CPU
		{588FC421-674A-4C03-8FDB-79A0120A867A}.Release|x86.Build.0 = Release|Any CPU
		{0CFB7922-EAAA-4F3A-8B3D-DCA2D403F434}.Debug|Any CPU.ActiveCfg = Debug|Any CPU
		{0CFB7922-EAAA-4F3A-8B3D-DCA2D403F434}.Debug|Any CPU.Build.0 = Debug|Any CPU
		{0CFB7922-EAAA-4F3A-8B3D-DCA2D403F434}.Debug|x64.ActiveCfg = Debug|Any CPU
		{0CFB7922-EAAA-4F3A-8B3D-DCA2D403F434}.Debug|x64.Build.0 = Debug|Any CPU
		{0CFB7922-EAAA-4F3A-8B3D-DCA2D403F434}.Debug|x86.ActiveCfg = Debug|Any CPU
		{0CFB7922-EAAA-4F3A-8B3D-DCA2D403F434}.Debug|x86.Build.0 = Debug|Any CPU
		{0CFB7922-EAAA-4F3A-8B3D-DCA2D403F434}.Release|Any CPU.ActiveCfg = Release|Any CPU
		{0CFB7922-EAAA-4F3A-8B3D-DCA2D403F434}.Release|Any CPU.Build.0 = Release|Any CPU
		{0CFB7922-EAAA-4F3A-8B3D-DCA2D403F434}.Release|x64.ActiveCfg = Release|Any CPU
		{0CFB7922-EAAA-4F3A-8B3D-DCA2D403F434}.Release|x64.Build.0 = Release|Any CPU
		{0CFB7922-EAAA-4F3A-8B3D-DCA2D403F434}.Release|x86.ActiveCfg = Release|Any CPU
		{0CFB7922-EAAA-4F3A-8B3D-DCA2D403F434}.Release|x86.Build.0 = Release|Any CPU
		{184B76AC-0BBB-4729-AA30-75B805EC310C}.Debug|Any CPU.ActiveCfg = Debug|Any CPU
		{184B76AC-0BBB-4729-AA30-75B805EC310C}.Debug|Any CPU.Build.0 = Debug|Any CPU
		{184B76AC-0BBB-4729-AA30-75B805EC310C}.Debug|x64.ActiveCfg = Debug|Any CPU
		{184B76AC-0BBB-4729-AA30-75B805EC310C}.Debug|x64.Build.0 = Debug|Any CPU
		{184B76AC-0BBB-4729-AA30-75B805EC310C}.Debug|x86.ActiveCfg = Debug|Any CPU
		{184B76AC-0BBB-4729-AA30-75B805EC310C}.Debug|x86.Build.0 = Debug|Any CPU
		{184B76AC-0BBB-4729-AA30-75B805EC310C}.Release|Any CPU.ActiveCfg = Release|Any CPU
		{184B76AC-0BBB-4729-AA30-75B805EC310C}.Release|Any CPU.Build.0 = Release|Any CPU
		{184B76AC-0BBB-4729-AA30-75B805EC310C}.Release|x64.ActiveCfg = Release|Any CPU
		{184B76AC-0BBB-4729-AA30-75B805EC310C}.Release|x64.Build.0 = Release|Any CPU
		{184B76AC-0BBB-4729-AA30-75B805EC310C}.Release|x86.ActiveCfg = Release|Any CPU
		{184B76AC-0BBB-4729-AA30-75B805EC310C}.Release|x86.Build.0 = Release|Any CPU
		{AB46FAB5-30F9-408C-AB93-245B97B043BA}.Debug|Any CPU.ActiveCfg = Debug|Any CPU
		{AB46FAB5-30F9-408C-AB93-245B97B043BA}.Debug|Any CPU.Build.0 = Debug|Any CPU
		{AB46FAB5-30F9-408C-AB93-245B97B043BA}.Debug|x64.ActiveCfg = Debug|Any CPU
		{AB46FAB5-30F9-408C-AB93-245B97B043BA}.Debug|x64.Build.0 = Debug|Any CPU
		{AB46FAB5-30F9-408C-AB93-245B97B043BA}.Debug|x86.ActiveCfg = Debug|Any CPU
		{AB46FAB5-30F9-408C-AB93-245B97B043BA}.Debug|x86.Build.0 = Debug|Any CPU
		{AB46FAB5-30F9-408C-AB93-245B97B043BA}.Release|Any CPU.ActiveCfg = Release|Any CPU
		{AB46FAB5-30F9-408C-AB93-245B97B043BA}.Release|Any CPU.Build.0 = Release|Any CPU
		{AB46FAB5-30F9-408C-AB93-245B97B043BA}.Release|x64.ActiveCfg = Release|Any CPU
		{AB46FAB5-30F9-408C-AB93-245B97B043BA}.Release|x64.Build.0 = Release|Any CPU
		{AB46FAB5-30F9-408C-AB93-245B97B043BA}.Release|x86.ActiveCfg = Release|Any CPU
		{AB46FAB5-30F9-408C-AB93-245B97B043BA}.Release|x86.Build.0 = Release|Any CPU
	EndGlobalSection
	GlobalSection(SolutionProperties) = preSolution
		HideSolutionNode = FALSE
	EndGlobalSection
	GlobalSection(NestedProjects) = preSolution
		{3E33DCFC-FED9-4AE3-B73B-BE6814F490B6} = {07C2787E-EAC7-C090-1BA3-A61EC2A24D84}
		{69BD3209-5790-49EB-B4D7-A3A7914847E5} = {827E0CD3-B72D-47B6-A68D-7590B98EB39B}
		{3C87C876-D46A-4141-B38D-3E8FE1251E59} = {827E0CD3-B72D-47B6-A68D-7590B98EB39B}
		{71E044F3-F0E1-404D-BA4C-29D78BD70C04} = {0AB3BF05-4346-4AA6-1389-037BE0695223}
		{5B59878F-28AE-49EE-AFBE-2B1C9415E516} = {0AB3BF05-4346-4AA6-1389-037BE0695223}
		{7E9549DA-5906-4D73-B1E8-0DC3EC1FAB1C} = {0AB3BF05-4346-4AA6-1389-037BE0695223}
		{E70244F8-F798-4A49-89B6-C7E213FC41D9} = {07C2787E-EAC7-C090-1BA3-A61EC2A24D84}
		{268CAEED-2556-4DDC-B6BD-EE6C54A58B3F} = {0AB3BF05-4346-4AA6-1389-037BE0695223}
		{E1B153F7-0286-4D47-82A5-5A24E5AE542D} = {827E0CD3-B72D-47B6-A68D-7590B98EB39B}
		{8F91DAFB-53BF-4C75-A5F8-B9A5796D4A4A} = {827E0CD3-B72D-47B6-A68D-7590B98EB39B}
		{C24DDF0B-6902-4388-83AC-F39DFD10BAB2} = {0AB3BF05-4346-4AA6-1389-037BE0695223}
		{5FB0164C-4D69-445C-AB4B-157683F988BE} = {827E0CD3-B72D-47B6-A68D-7590B98EB39B}
		{588FC421-674A-4C03-8FDB-79A0120A867A} = {0AB3BF05-4346-4AA6-1389-037BE0695223}
		{0CFB7922-EAAA-4F3A-8B3D-DCA2D403F434} = {760AB15A-8938-8D9B-BEDE-5CE1484B84C3}
		{184B76AC-0BBB-4729-AA30-75B805EC310C} = {827E0CD3-B72D-47B6-A68D-7590B98EB39B}
		{AB46FAB5-30F9-408C-AB93-245B97B043BA} = {0AB3BF05-4346-4AA6-1389-037BE0695223}
	EndGlobalSection
EndGlobal
